
Microsoft Visual Studio Solution File, Format Version 12.00
# Visual Studio Version 17
VisualStudioVersion = 17.11.35125.118
MinimumVisualStudioVersion = 10.0.40219.1
Project("{9A19103F-16F7-4668-BE54-9A1E7A4F7556}") = "BudgetR.Simplified.Core", "src\BudgetR.Simplified.Core\BudgetR.Simplified.Core.csproj", "{6C253453-F3D2-4542-B84E-7F29BABF444C}"
EndProject
Project("{2150E333-8FDC-42A3-9474-1A3956D46DE8}") = "Server", "Server", "{D381B952-97A2-48BA-A4C9-7E07126D37C2}"
EndProject
Project("{9A19103F-16F7-4668-BE54-9A1E7A4F7556}") = "BudgetR.Simplified.Server.Domain", "src\BudgetR.Simplified.Domain\BudgetR.Simplified.Server.Domain.csproj", "{A8548735-EB83-48E4-A843-23AC7EDDD1F1}"
EndProject
Project("{9A19103F-16F7-4668-BE54-9A1E7A4F7556}") = "BudgetR.Simplified.Server.Application", "src\BudgetR.Simplified.Application\BudgetR.Simplified.Server.Application.csproj", "{77380B32-FFC5-4E8F-8FBD-51BEDACAB3C8}"
EndProject
Project("{9A19103F-16F7-4668-BE54-9A1E7A4F7556}") = "BudgetR.Simplified.Server.Infrastructure", "src\BudgetR.Simplified.Infrastructure\BudgetR.Simplified.Server.Infrastructure.csproj", "{C89FAFD4-8F73-4E08-9607-CB04293376F4}"
EndProject
Project("{2150E333-8FDC-42A3-9474-1A3956D46DE8}") = "Test", "Test", "{7A03143C-C576-4281-945F-95EF6C6E20E4}"
EndProject
Project("{2150E333-8FDC-42A3-9474-1A3956D46DE8}") = "src", "src", "{20A7E692-103B-49ED-9A12-AE36D1C83F5E}"
EndProject
Project("{2150E333-8FDC-42A3-9474-1A3956D46DE8}") = "Client", "Client", "{4465194D-26BA-4D64-8398-A4810CD814D0}"
EndProject
Project("{9A19103F-16F7-4668-BE54-9A1E7A4F7556}") = "BudgetR.Simplified", "src\BudgetR.Simplified\Server\BudgetR.Simplified.csproj", "{4084B3AF-881E-4988-B9FD-7041BA879195}"
EndProject
Project("{9A19103F-16F7-4668-BE54-9A1E7A4F7556}") = "BudgetR.Simplified.Client", "src\BudgetR.Simplified\Client\BudgetR.Simplified.Client.csproj", "{C26F2C60-BB5F-4DCF-B7AD-E19DC684D7F4}"
EndProject
Project("{FAE04EC0-301F-11D3-BF4B-00C04F79EFBC}") = "BudgetR.Simplified.Client.Domain", "src\BudgetR.Simplified.Client.Domain\BudgetR.Simplified.Client.Domain.csproj", "{BF08FAE6-99AD-469B-BAB0-9759E8CD03F9}"
EndProject
Project("{FAE04EC0-301F-11D3-BF4B-00C04F79EFBC}") = "BudgetR.Simplified.Server.Services", "src\BudgetR.Simplified.Services\BudgetR.Simplified.Server.Services.csproj", "{EB898EDC-051E-4DC8-B59D-F5625AB05F46}"
EndProject
Project("{2150E333-8FDC-42A3-9474-1A3956D46DE8}") = "Solution Items", "Solution Items", "{925EC53B-182B-4A6A-AB0E-5CBE2DF49C1A}"
	ProjectSection(SolutionItems) = preProject
		.editorconfig = .editorconfig
	EndProjectSection
EndProject
Project("{FAE04EC0-301F-11D3-BF4B-00C04F79EFBC}") = "BudgetR.Simplified.Server.Transactions", "src\Server\BudgetR.Simplified.Server.Transactions\BudgetR.Simplified.Server.Transactions.csproj", "{E14172BC-4686-4AE8-9D96-DADCC3743886}"
EndProject
Global
	GlobalSection(SolutionConfigurationPlatforms) = preSolution
		Debug|Any CPU = Debug|Any CPU
		Release|Any CPU = Release|Any CPU
	EndGlobalSection
	GlobalSection(ProjectConfigurationPlatforms) = postSolution
		{6C253453-F3D2-4542-B84E-7F29BABF444C}.Debug|Any CPU.ActiveCfg = Debug|Any CPU
		{6C253453-F3D2-4542-B84E-7F29BABF444C}.Debug|Any CPU.Build.0 = Debug|Any CPU
		{6C253453-F3D2-4542-B84E-7F29BABF444C}.Release|Any CPU.ActiveCfg = Release|Any CPU
		{6C253453-F3D2-4542-B84E-7F29BABF444C}.Release|Any CPU.Build.0 = Release|Any CPU
		{A8548735-EB83-48E4-A843-23AC7EDDD1F1}.Debug|Any CPU.ActiveCfg = Debug|Any CPU
		{A8548735-EB83-48E4-A843-23AC7EDDD1F1}.Debug|Any CPU.Build.0 = Debug|Any CPU
		{A8548735-EB83-48E4-A843-23AC7EDDD1F1}.Release|Any CPU.ActiveCfg = Release|Any CPU
		{A8548735-EB83-48E4-A843-23AC7EDDD1F1}.Release|Any CPU.Build.0 = Release|Any CPU
		{77380B32-FFC5-4E8F-8FBD-51BEDACAB3C8}.Debug|Any CPU.ActiveCfg = Debug|Any CPU
		{77380B32-FFC5-4E8F-8FBD-51BEDACAB3C8}.Debug|Any CPU.Build.0 = Debug|Any CPU
		{77380B32-FFC5-4E8F-8FBD-51BEDACAB3C8}.Release|Any CPU.ActiveCfg = Release|Any CPU
		{77380B32-FFC5-4E8F-8FBD-51BEDACAB3C8}.Release|Any CPU.Build.0 = Release|Any CPU
		{C89FAFD4-8F73-4E08-9607-CB04293376F4}.Debug|Any CPU.ActiveCfg = Debug|Any CPU
		{C89FAFD4-8F73-4E08-9607-CB04293376F4}.Debug|Any CPU.Build.0 = Debug|Any CPU
		{C89FAFD4-8F73-4E08-9607-CB04293376F4}.Release|Any CPU.ActiveCfg = Release|Any CPU
		{C89FAFD4-8F73-4E08-9607-CB04293376F4}.Release|Any CPU.Build.0 = Release|Any CPU
		{4084B3AF-881E-4988-B9FD-7041BA879195}.Debug|Any CPU.ActiveCfg = Debug|Any CPU
		{4084B3AF-881E-4988-B9FD-7041BA879195}.Debug|Any CPU.Build.0 = Debug|Any CPU
		{4084B3AF-881E-4988-B9FD-7041BA879195}.Release|Any CPU.ActiveCfg = Release|Any CPU
		{4084B3AF-881E-4988-B9FD-7041BA879195}.Release|Any CPU.Build.0 = Release|Any CPU
		{C26F2C60-BB5F-4DCF-B7AD-E19DC684D7F4}.Debug|Any CPU.ActiveCfg = Debug|Any CPU
		{C26F2C60-BB5F-4DCF-B7AD-E19DC684D7F4}.Debug|Any CPU.Build.0 = Debug|Any CPU
		{C26F2C60-BB5F-4DCF-B7AD-E19DC684D7F4}.Release|Any CPU.ActiveCfg = Release|Any CPU
		{C26F2C60-BB5F-4DCF-B7AD-E19DC684D7F4}.Release|Any CPU.Build.0 = Release|Any CPU
		{BF08FAE6-99AD-469B-BAB0-9759E8CD03F9}.Debug|Any CPU.ActiveCfg = Debug|Any CPU
		{BF08FAE6-99AD-469B-BAB0-9759E8CD03F9}.Debug|Any CPU.Build.0 = Debug|Any CPU
		{BF08FAE6-99AD-469B-BAB0-9759E8CD03F9}.Release|Any CPU.ActiveCfg = Release|Any CPU
		{BF08FAE6-99AD-469B-BAB0-9759E8CD03F9}.Release|Any CPU.Build.0 = Release|Any CPU
		{EB898EDC-051E-4DC8-B59D-F5625AB05F46}.Debug|Any CPU.ActiveCfg = Debug|Any CPU
		{EB898EDC-051E-4DC8-B59D-F5625AB05F46}.Debug|Any CPU.Build.0 = Debug|Any CPU
		{EB898EDC-051E-4DC8-B59D-F5625AB05F46}.Release|Any CPU.ActiveCfg = Release|Any CPU
		{EB898EDC-051E-4DC8-B59D-F5625AB05F46}.Release|Any CPU.Build.0 = Release|Any CPU
		{E14172BC-4686-4AE8-9D96-DADCC3743886}.Debug|Any CPU.ActiveCfg = Debug|Any CPU
		{E14172BC-4686-4AE8-9D96-DADCC3743886}.Debug|Any CPU.Build.0 = Debug|Any CPU
		{E14172BC-4686-4AE8-9D96-DADCC3743886}.Release|Any CPU.ActiveCfg = Release|Any CPU
		{E14172BC-4686-4AE8-9D96-DADCC3743886}.Release|Any CPU.Build.0 = Release|Any CPU
	EndGlobalSection
	GlobalSection(SolutionProperties) = preSolution
		HideSolutionNode = FALSE
	EndGlobalSection
	GlobalSection(NestedProjects) = preSolution
		{6C253453-F3D2-4542-B84E-7F29BABF444C} = {20A7E692-103B-49ED-9A12-AE36D1C83F5E}
		{D381B952-97A2-48BA-A4C9-7E07126D37C2} = {20A7E692-103B-49ED-9A12-AE36D1C83F5E}
		{A8548735-EB83-48E4-A843-23AC7EDDD1F1} = {D381B952-97A2-48BA-A4C9-7E07126D37C2}
		{77380B32-FFC5-4E8F-8FBD-51BEDACAB3C8} = {D381B952-97A2-48BA-A4C9-7E07126D37C2}
		{C89FAFD4-8F73-4E08-9607-CB04293376F4} = {D381B952-97A2-48BA-A4C9-7E07126D37C2}
		{4465194D-26BA-4D64-8398-A4810CD814D0} = {20A7E692-103B-49ED-9A12-AE36D1C83F5E}
		{4084B3AF-881E-4988-B9FD-7041BA879195} = {D381B952-97A2-48BA-A4C9-7E07126D37C2}
		{C26F2C60-BB5F-4DCF-B7AD-E19DC684D7F4} = {4465194D-26BA-4D64-8398-A4810CD814D0}
		{BF08FAE6-99AD-469B-BAB0-9759E8CD03F9} = {4465194D-26BA-4D64-8398-A4810CD814D0}
		{EB898EDC-051E-4DC8-B59D-F5625AB05F46} = {D381B952-97A2-48BA-A4C9-7E07126D37C2}
		{E14172BC-4686-4AE8-9D96-DADCC3743886} = {D381B952-97A2-48BA-A4C9-7E07126D37C2}
	EndGlobalSection
	GlobalSection(ExtensibilityGlobals) = postSolution
		SolutionGuid = {BD025DED-CDB7-47BD-AA44-564222F34444}
	EndGlobalSection
EndGlobal
